
Microsoft Visual Studio Solution File, Format Version 12.00
# Visual Studio Version 17
VisualStudioVersion = 17.5.33414.496
MinimumVisualStudioVersion = 10.0.40219.1
Project("{FAE04EC0-301F-11D3-BF4B-00C04F79EFBC}") = "LeoLanches", "LeoLanches\LeoLanches.csproj", "{48BBC37D-4129-44B4-8F22-F90296DF1622}"
EndProject
Global
	GlobalSection(SolutionConfigurationPlatforms) = preSolution
		Debug|Any CPU = Debug|Any CPU
		Release|Any CPU = Release|Any CPU
	EndGlobalSection
	GlobalSection(ProjectConfigurationPlatforms) = postSolution
		{48BBC37D-4129-44B4-8F22-F90296DF1622}.Debug|Any CPU.ActiveCfg = Debug|Any CPU
		{48BBC37D-4129-44B4-8F22-F90296DF1622}.Debug|Any CPU.Build.0 = Debug|Any CPU
		{48BBC37D-4129-44B4-8F22-F90296DF1622}.Release|Any CPU.ActiveCfg = Release|Any CPU
		{48BBC37D-4129-44B4-8F22-F90296DF1622}.Release|Any CPU.Build.0 = Release|Any CPU
	EndGlobalSection
	GlobalSection(SolutionProperties) = preSolution
		HideSolutionNode = FALSE
	EndGlobalSection
	GlobalSection(ExtensibilityGlobals) = postSolution
		SolutionGuid = {0915C263-1902-4E66-9F7C-313F6443CF7F}
	EndGlobalSection
EndGlobal
